<?xml version="1.0" encoding="utf-8"?>
<Project ToolsVersion="4.0" xmlns="http://schemas.microsoft.com/developer/msbuild/2003">
  <ItemGroup>
    <ClCompile Include="..\blat\blatcgi.cpp">
      <Filter>Source Files</Filter>
    </ClCompile>
    <ClCompile Include="..\blat\bldhdrs.cpp">
      <Filter>Source Files</Filter>
    </ClCompile>
    <ClCompile Include="..\blat\filetype.cpp">
      <Filter>Source Files</Filter>
    </ClCompile>
    <ClCompile Include="..\blat\gensock.cpp">
      <Filter>Source Files</Filter>
    </ClCompile>
    <ClCompile Include="..\blat\gssfuncs.cpp">
      <Filter>Source Files</Filter>
    </ClCompile>
    <ClCompile Include="..\blat\makeargv.cpp">
      <Filter>Source Files</Filter>
    </ClCompile>
    <ClCompile Include="..\blat\md5.c">
      <Filter>Source Files</Filter>
    </ClCompile>
    <ClCompile Include="..\blat\mime.cpp">
      <Filter>Source Files</Filter>
    </ClCompile>
    <ClCompile Include="..\blat\msgbody.cpp">
      <Filter>Source Files</Filter>
    </ClCompile>
    <ClCompile Include="..\blat\options.cpp">
      <Filter>Source Files</Filter>
    </ClCompile>
    <ClCompile Include="..\blat\parsing.cpp">
      <Filter>Source Files</Filter>
    </ClCompile>
    <ClCompile Include="..\blat\punycode.cpp">
      <Filter>Source Files</Filter>
    </ClCompile>
    <ClCompile Include="..\blat\reg.cpp">
      <Filter>Source Files</Filter>
    </ClCompile>
    <ClCompile Include="..\blat\sendnntp.cpp">
      <Filter>Source Files</Filter>
    </ClCompile>
    <ClCompile Include="..\blat\sendsmtp.cpp">
      <Filter>Source Files</Filter>
    </ClCompile>
    <ClCompile Include="..\blat\server.cpp">
      <Filter>Source Files</Filter>
    </ClCompile>
    <ClCompile Include="..\blat\unicode.cpp">
      <Filter>Source Files</Filter>
    </ClCompile>
    <ClCompile Include="..\blat\uuencode.cpp">
      <Filter>Source Files</Filter>
    </ClCompile>
    <ClCompile Include="..\blat\yenc.cpp">
      <Filter>Source Files</Filter>
    </ClCompile>
    <ClCompile Include="..\blat\blat.cpp">
      <Filter>Source Files</Filter>
    </ClCompile>
    <ClCompile Include="..\blat\attach.cpp">
      <Filter>Source Files</Filter>
    </ClCompile>
    <ClCompile Include="..\blat\base64.cpp">
      <Filter>Source Files</Filter>
    </ClCompile>
  </ItemGroup>
  <ItemGroup>
    <ClInclude Include="..\blat\attach.hpp">
      <Filter>Header Files</Filter>
    </ClInclude>
    <ClInclude Include="..\blat\base64.hpp">
      <Filter>Header Files</Filter>
    </ClInclude>
    <ClInclude Include="..\blat\blat.h">
      <Filter>Header Files</Filter>
    </ClInclude>
    <ClInclude Include="..\blat\blatcgi.hpp">
      <Filter>Header Files</Filter>
    </ClInclude>
    <ClInclude Include="..\blat\blatext.hpp">
      <Filter>Header Files</Filter>
    </ClInclude>
    <ClInclude Include="..\blat\blatdll.h">
      <Filter>Header Files</Filter>
    </ClInclude>
    <ClInclude Include="..\blat\bldhdrs.hpp">
      <Filter>Header Files</Filter>
    </ClInclude>
    <ClInclude Include="..\blat\buf.h">
      <Filter>Header Files</Filter>
    </ClInclude>
    <ClInclude Include="..\blat\common_data.h">
      <Filter>Header Files</Filter>
    </ClInclude>
    <ClInclude Include="..\blat\connections.h">
      <Filter>Header Files</Filter>
    </ClInclude>
    <ClInclude Include="..\blat\declarations.h">
      <Filter>Header Files</Filter>
    </ClInclude>
    <ClInclude Include="..\blat\filetype.hpp">
      <Filter>Header Files</Filter>
    </ClInclude>
    <ClInclude Include="..\blat\gensock.h">
      <Filter>Header Files</Filter>
    </ClInclude>
    <ClInclude Include="..\blat\gssapi_generic.h">
      <Filter>Header Files</Filter>
    </ClInclude>
    <ClInclude Include="..\blat\gssfuncs.h">
      <Filter>Header Files</Filter>
    </ClInclude>
    <ClInclude Include="..\blat\macros.h">
      <Filter>Header Files</Filter>
    </ClInclude>
    <ClInclude Include="..\blat\makeargv.hpp">
      <Filter>Header Files</Filter>
    </ClInclude>
    <ClInclude Include="..\blat\md5.h">
      <Filter>Header Files</Filter>
    </ClInclude>
    <ClInclude Include="..\blat\mime.hpp">
      <Filter>Header Files</Filter>
    </ClInclude>
    <ClInclude Include="..\blat\msgbody.hpp">
      <Filter>Header Files</Filter>
    </ClInclude>
    <ClInclude Include="..\blat\options.hpp">
      <Filter>Header Files</Filter>
    </ClInclude>
    <ClInclude Include="..\blat\parsing.hpp">
      <Filter>Header Files</Filter>
    </ClInclude>
    <ClInclude Include="..\blat\punycode.h">
      <Filter>Header Files</Filter>
    </ClInclude>
    <ClInclude Include="..\blat\reg.hpp">
      <Filter>Header Files</Filter>
    </ClInclude>
    <ClInclude Include="..\blat\resource.h">
      <Filter>Header Files</Filter>
    </ClInclude>
    <ClInclude Include="..\blat\sendnntp.hpp">
      <Filter>Header Files</Filter>
    </ClInclude>
    <ClInclude Include="..\blat\sendsmtp.hpp">
      <Filter>Header Files</Filter>
    </ClInclude>
    <ClInclude Include="..\blat\server.hpp">
      <Filter>Header Files</Filter>
    </ClInclude>
    <ClInclude Include="..\blat\unicode.hpp">
      <Filter>Header Files</Filter>
    </ClInclude>
    <ClInclude Include="..\blat\uuencode.hpp">
      <Filter>Header Files</Filter>
    </ClInclude>
    <ClInclude Include="..\blat\winfile.h">
      <Filter>Header Files</Filter>
    </ClInclude>
    <ClInclude Include="..\blat\win-mac.h">
      <Filter>Header Files</Filter>
    </ClInclude>
    <ClInclude Include="..\blat\yenc.hpp">
      <Filter>Header Files</Filter>
    </ClInclude>
    <ClInclude Include="..\blat\GSSAPI\gssapi.h">
      <Filter>Header Files</Filter>
    </ClInclude>
  </ItemGroup>
  <ItemGroup>
    <None Include="..\blat\blat.def" />
  </ItemGroup>
  <ItemGroup>
    <Filter Include="Header Files">
      <UniqueIdentifier>{8f4e8739-9ecf-4614-bc52-f2297cf58ffd}</UniqueIdentifier>
    </Filter>
    <Filter Include="Source Files">
      <UniqueIdentifier>{2b2a5481-1315-4d06-a0b1-13a29d6ed279}</UniqueIdentifier>
    </Filter>
    <Filter Include="Resource Files">
      <UniqueIdentifier>{3c988105-5324-4578-9104-d188d0f87137}</UniqueIdentifier>
    </Filter>
  </ItemGroup>
  <ItemGroup>
    <ResourceCompile Include="..\blat\blat.rc">
      <Filter>Resource Files</Filter>
    </ResourceCompile>
  </ItemGroup>
</Project>